
Microsoft Visual Studio Solution File, Format Version 12.00
# Visual Studio Version 17
VisualStudioVersion = 17.13.35825.156 d17.13
MinimumVisualStudioVersion = 10.0.40219.1
Project("{2150E333-8FDC-42A3-9474-1A3956D46DE8}") = "items", "items", "{A735A56C-0C9E-4887-BBBE-92CA5AAED017}"
	ProjectSection(SolutionItems) = preProject
		.editorconfig = .editorconfig
		Directory.Build.props = Directory.Build.props
	EndProjectSection
EndProject
Project("{FAE04EC0-301F-11D3-BF4B-00C04F79EFBC}") = "Seoul.It.Blackjack.Core", "Seoul.It.Blackjack.Core\Seoul.It.Blackjack.Core.csproj", "{DAA3465F-7890-4F91-8E66-55E4A8933906}"
EndProject
Project("{FAE04EC0-301F-11D3-BF4B-00C04F79EFBC}") = "Seoul.It.Blackjack.Backend", "Seoul.It.Blackjack.Backend\Seoul.It.Blackjack.Backend.csproj", "{341D2A21-A2BD-45E5-9DC8-A8098CF37D75}"
EndProject
Project("{FAE04EC0-301F-11D3-BF4B-00C04F79EFBC}") = "Seoul.It.Blackjack.Client", "Seoul.It.Blackjack.Client\Seoul.It.Blackjack.Client.csproj", "{8D18BCD6-B37F-4B85-8024-4517CEBC385A}"
EndProject
Project("{FAE04EC0-301F-11D3-BF4B-00C04F79EFBC}") = "Seoul.It.Blackjack.Frontend", "Seoul.It.Blackjack.Frontend\Seoul.It.Blackjack.Frontend.csproj", "{5FB398C9-599C-49FF-ABD6-ECB2224C639B}"
EndProject
Global
	GlobalSection(SolutionConfigurationPlatforms) = preSolution
		Debug|Any CPU = Debug|Any CPU
		Debug|x64 = Debug|x64
		Debug|x86 = Debug|x86
		Release|Any CPU = Release|Any CPU
		Release|x64 = Release|x64
		Release|x86 = Release|x86
	EndGlobalSection
	GlobalSection(ProjectConfigurationPlatforms) = postSolution
		{DAA3465F-7890-4F91-8E66-55E4A8933906}.Debug|Any CPU.ActiveCfg = Debug|Any CPU
		{DAA3465F-7890-4F91-8E66-55E4A8933906}.Debug|Any CPU.Build.0 = Debug|Any CPU
		{DAA3465F-7890-4F91-8E66-55E4A8933906}.Debug|x64.ActiveCfg = Debug|Any CPU
		{DAA3465F-7890-4F91-8E66-55E4A8933906}.Debug|x64.Build.0 = Debug|Any CPU
		{DAA3465F-7890-4F91-8E66-55E4A8933906}.Debug|x86.ActiveCfg = Debug|Any CPU
		{DAA3465F-7890-4F91-8E66-55E4A8933906}.Debug|x86.Build.0 = Debug|Any CPU
		{DAA3465F-7890-4F91-8E66-55E4A8933906}.Release|Any CPU.ActiveCfg = Release|Any CPU
		{DAA3465F-7890-4F91-8E66-55E4A8933906}.Release|Any CPU.Build.0 = Release|Any CPU
		{DAA3465F-7890-4F91-8E66-55E4A8933906}.Release|x64.ActiveCfg = Release|Any CPU
		{DAA3465F-7890-4F91-8E66-55E4A8933906}.Release|x64.Build.0 = Release|Any CPU
		{DAA3465F-7890-4F91-8E66-55E4A8933906}.Release|x86.ActiveCfg = Release|Any CPU
		{DAA3465F-7890-4F91-8E66-55E4A8933906}.Release|x86.Build.0 = Release|Any CPU
		{341D2A21-A2BD-45E5-9DC8-A8098CF37D75}.Debug|Any CPU.ActiveCfg = Debug|Any CPU
		{341D2A21-A2BD-45E5-9DC8-A8098CF37D75}.Debug|Any CPU.Build.0 = Debug|Any CPU
		{341D2A21-A2BD-45E5-9DC8-A8098CF37D75}.Debug|x64.ActiveCfg = Debug|Any CPU
		{341D2A21-A2BD-45E5-9DC8-A8098CF37D75}.Debug|x64.Build.0 = Debug|Any CPU
		{341D2A21-A2BD-45E5-9DC8-A8098CF37D75}.Debug|x86.ActiveCfg = Debug|Any CPU
		{341D2A21-A2BD-45E5-9DC8-A8098CF37D75}.Debug|x86.Build.0 = Debug|Any CPU
		{341D2A21-A2BD-45E5-9DC8-A8098CF37D75}.Release|Any CPU.ActiveCfg = Release|Any CPU
		{341D2A21-A2BD-45E5-9DC8-A8098CF37D75}.Release|Any CPU.Build.0 = Release|Any CPU
		{341D2A21-A2BD-45E5-9DC8-A8098CF37D75}.Release|x64.ActiveCfg = Release|Any CPU
		{341D2A21-A2BD-45E5-9DC8-A8098CF37D75}.Release|x64.Build.0 = Release|Any CPU
		{341D2A21-A2BD-45E5-9DC8-A8098CF37D75}.Release|x86.ActiveCfg = Release|Any CPU
		{341D2A21-A2BD-45E5-9DC8-A8098CF37D75}.Release|x86.Build.0 = Release|Any CPU
		{8D18BCD6-B37F-4B85-8024-4517CEBC385A}.Debug|Any CPU.ActiveCfg = Debug|Any CPU
		{8D18BCD6-B37F-4B85-8024-4517CEBC385A}.Debug|Any CPU.Build.0 = Debug|Any CPU
		{8D18BCD6-B37F-4B85-8024-4517CEBC385A}.Debug|x64.ActiveCfg = Debug|Any CPU
		{8D18BCD6-B37F-4B85-8024-4517CEBC385A}.Debug|x64.Build.0 = Debug|Any CPU
		{8D18BCD6-B37F-4B85-8024-4517CEBC385A}.Debug|x86.ActiveCfg = Debug|Any CPU
		{8D18BCD6-B37F-4B85-8024-4517CEBC385A}.Debug|x86.Build.0 = Debug|Any CPU
		{8D18BCD6-B37F-4B85-8024-4517CEBC385A}.Release|Any CPU.ActiveCfg = Release|Any CPU
		{8D18BCD6-B37F-4B85-8024-4517CEBC385A}.Release|Any CPU.Build.0 = Release|Any CPU
		{8D18BCD6-B37F-4B85-8024-4517CEBC385A}.Release|x64.ActiveCfg = Release|Any CPU
		{8D18BCD6-B37F-4B85-8024-4517CEBC385A}.Release|x64.Build.0 = Release|Any CPU
		{8D18BCD6-B37F-4B85-8024-4517CEBC385A}.Release|x86.ActiveCfg = Release|Any CPU
		{8D18BCD6-B37F-4B85-8024-4517CEBC385A}.Release|x86.Build.0 = Release|Any CPU
		{5FB398C9-599C-49FF-ABD6-ECB2224C639B}.Debug|Any CPU.ActiveCfg = Debug|Any CPU
		{5FB398C9-599C-49FF-ABD6-ECB2224C639B}.Debug|Any CPU.Build.0 = Debug|Any CPU
		{5FB398C9-599C-49FF-ABD6-ECB2224C639B}.Debug|x64.ActiveCfg = Debug|Any CPU
		{5FB398C9-599C-49FF-ABD6-ECB2224C639B}.Debug|x64.Build.0 = Debug|Any CPU
		{5FB398C9-599C-49FF-ABD6-ECB2224C639B}.Debug|x86.ActiveCfg = Debug|Any CPU
		{5FB398C9-599C-49FF-ABD6-ECB2224C639B}.Debug|x86.Build.0 = Debug|Any CPU
		{5FB398C9-599C-49FF-ABD6-ECB2224C639B}.Release|Any CPU.ActiveCfg = Release|Any CPU
		{5FB398C9-599C-49FF-ABD6-ECB2224C639B}.Release|Any CPU.Build.0 = Release|Any CPU
		{5FB398C9-599C-49FF-ABD6-ECB2224C639B}.Release|x64.ActiveCfg = Release|Any CPU
		{5FB398C9-599C-49FF-ABD6-ECB2224C639B}.Release|x64.Build.0 = Release|Any CPU
		{5FB398C9-599C-49FF-ABD6-ECB2224C639B}.Release|x86.ActiveCfg = Release|Any CPU
		{5FB398C9-599C-49FF-ABD6-ECB2224C639B}.Release|x86.Build.0 = Release|Any CPU
	EndGlobalSection
	GlobalSection(SolutionProperties) = preSolution
		HideSolutionNode = FALSE
	EndGlobalSection
	GlobalSection(ExtensibilityGlobals) = postSolution
		SolutionGuid = {56F63AE9-F907-46D3-B9F5-304077E96C9E}
	EndGlobalSection
EndGlobal
